
Microsoft Visual Studio Solution File, Format Version 12.00
# Visual Studio Version 17
VisualStudioVersion = 17.4.33122.133
MinimumVisualStudioVersion = 10.0.40219.1
Project("{FAE04EC0-301F-11D3-BF4B-00C04F79EFBC}") = "TelegramLibrary", "TelegramLibrary.csproj", "{CC64DDE9-5C92-4A57-8D26-6AF73F5BE0D8}"
EndProject
Global
	GlobalSection(SolutionConfigurationPlatforms) = preSolution
		Debug|Any CPU = Debug|Any CPU
		Release|Any CPU = Release|Any CPU
	EndGlobalSection
	GlobalSection(ProjectConfigurationPlatforms) = postSolution
		{CC64DDE9-5C92-4A57-8D26-6AF73F5BE0D8}.Debug|Any CPU.ActiveCfg = Debug|Any CPU
		{CC64DDE9-5C92-4A57-8D26-6AF73F5BE0D8}.Debug|Any CPU.Build.0 = Debug|Any CPU
		{CC64DDE9-5C92-4A57-8D26-6AF73F5BE0D8}.Release|Any CPU.ActiveCfg = Release|Any CPU
		{CC64DDE9-5C92-4A57-8D26-6AF73F5BE0D8}.Release|Any CPU.Build.0 = Release|Any CPU
	EndGlobalSection
	GlobalSection(SolutionProperties) = preSolution
		HideSolutionNode = FALSE
	EndGlobalSection
	GlobalSection(ExtensibilityGlobals) = postSolution
		SolutionGuid = {511C5439-157D-492A-B46B-9B494693069D}
	EndGlobalSection
EndGlobal
